
Microsoft Visual Studio Solution File, Format Version 12.00
# Visual Studio Version 16
VisualStudioVersion = 16.0.31410.357
MinimumVisualStudioVersion = 10.0.40219.1
Project("{9A19103F-16F7-4668-BE54-9A1E7A4F7556}") = "Consolaria", "Consolaria.csproj", "{75EA65F5-5367-459E-9D53-D4BFC6351C31}"
EndProject
Global
	GlobalSection(SolutionConfigurationPlatforms) = preSolution
		Debug|Any CPU = Debug|Any CPU
		Release|Any CPU = Release|Any CPU
	EndGlobalSection
	GlobalSection(ProjectConfigurationPlatforms) = postSolution
		{75EA65F5-5367-459E-9D53-D4BFC6351C31}.Debug|Any CPU.ActiveCfg = Debug|Any CPU
		{75EA65F5-5367-459E-9D53-D4BFC6351C31}.Debug|Any CPU.Build.0 = Debug|Any CPU
		{75EA65F5-5367-459E-9D53-D4BFC6351C31}.Release|Any CPU.ActiveCfg = Release|Any CPU
		{75EA65F5-5367-459E-9D53-D4BFC6351C31}.Release|Any CPU.Build.0 = Release|Any CPU
	EndGlobalSection
	GlobalSection(SolutionProperties) = preSolution
		HideSolutionNode = FALSE
	EndGlobalSection
	GlobalSection(ExtensibilityGlobals) = postSolution
		SolutionGuid = {592E0312-4CFE-4D52-A286-271211E43ED5}
	EndGlobalSection
EndGlobal
